
Microsoft Visual Studio Solution File, Format Version 12.00
# Visual Studio Version 16
VisualStudioVersion = 16.0.29613.14
MinimumVisualStudioVersion = 10.0.40219.1
Project("{FAE04EC0-301F-11D3-BF4B-00C04F79EFBC}") = "Hammer", "Hammer\Hammer.csproj", "{3BA68D20-1211-47E6-90B9-C7BC52BC5067}"
EndProject
Global
	GlobalSection(SolutionConfigurationPlatforms) = preSolution
		Debug|Any CPU = Debug|Any CPU
		Release|Any CPU = Release|Any CPU
	EndGlobalSection
	GlobalSection(ProjectConfigurationPlatforms) = postSolution
		{3BA68D20-1211-47E6-90B9-C7BC52BC5067}.Debug|Any CPU.ActiveCfg = Debug|Any CPU
		{3BA68D20-1211-47E6-90B9-C7BC52BC5067}.Debug|Any CPU.Build.0 = Debug|Any CPU
		{3BA68D20-1211-47E6-90B9-C7BC52BC5067}.Release|Any CPU.ActiveCfg = Release|Any CPU
		{3BA68D20-1211-47E6-90B9-C7BC52BC5067}.Release|Any CPU.Build.0 = Release|Any CPU
	EndGlobalSection
	GlobalSection(SolutionProperties) = preSolution
		HideSolutionNode = FALSE
	EndGlobalSection
	GlobalSection(ExtensibilityGlobals) = postSolution
		SolutionGuid = {27A9F625-4913-4191-9A89-338D933D59F5}
	EndGlobalSection
EndGlobal
